
Microsoft Visual Studio Solution File, Format Version 12.00
# Visual Studio Version 17
VisualStudioVersion = 17.0.32112.339
MinimumVisualStudioVersion = 10.0.40219.1
Project("{FAE04EC0-301F-11D3-BF4B-00C04F79EFBC}") = "S3LabTest1", "S3LabTest1\S3LabTest1.csproj", "{17E5DE85-B1AC-4416-84B0-26E8C2AD89ED}"
EndProject
Global
	GlobalSection(SolutionConfigurationPlatforms) = preSolution
		Debug|Any CPU = Debug|Any CPU
		Release|Any CPU = Release|Any CPU
	EndGlobalSection
	GlobalSection(ProjectConfigurationPlatforms) = postSolution
		{17E5DE85-B1AC-4416-84B0-26E8C2AD89ED}.Debug|Any CPU.ActiveCfg = Debug|Any CPU
		{17E5DE85-B1AC-4416-84B0-26E8C2AD89ED}.Debug|Any CPU.Build.0 = Debug|Any CPU
		{17E5DE85-B1AC-4416-84B0-26E8C2AD89ED}.Release|Any CPU.ActiveCfg = Release|Any CPU
		{17E5DE85-B1AC-4416-84B0-26E8C2AD89ED}.Release|Any CPU.Build.0 = Release|Any CPU
	EndGlobalSection
	GlobalSection(SolutionProperties) = preSolution
		HideSolutionNode = FALSE
	EndGlobalSection
	GlobalSection(ExtensibilityGlobals) = postSolution
		SolutionGuid = {24F09A29-5B64-4CF3-A2C0-EA422BFC25AE}
	EndGlobalSection
EndGlobal
